
Microsoft Visual Studio Solution File, Format Version 12.00
# Visual Studio 14
VisualStudioVersion = 14.0.25420.1
MinimumVisualStudioVersion = 10.0.40219.1
Project("{2150E333-8FDC-42A3-9474-1A3956D46DE8}") = "Cliente", "Cliente", "{B8A3618A-8C97-43C9-9298-E00BB26A38A1}"
EndProject
Project("{2150E333-8FDC-42A3-9474-1A3956D46DE8}") = "Servicios", "Servicios", "{5EBAB668-ABF4-415D-A6B8-A9CAF253EF75}"
EndProject
Project("{2150E333-8FDC-42A3-9474-1A3956D46DE8}") = "Front", "Front", "{D085080C-4C78-467D-A975-13E7B941D656}"
EndProject
Project("{2150E333-8FDC-42A3-9474-1A3956D46DE8}") = "1-Services", "1-Services", "{A7BC4A40-B2BB-41EC-80EB-304A605D83F0}"
EndProject
Project("{2150E333-8FDC-42A3-9474-1A3956D46DE8}") = "2-BussinessLayer", "2-BussinessLayer", "{942830FF-2F00-4B6D-9524-F9712BA41BC7}"
EndProject
Project("{2150E333-8FDC-42A3-9474-1A3956D46DE8}") = "3-DataAccess", "3-DataAccess", "{DBBC1AF4-63E7-49DE-AB91-2AA6CDCDAD59}"
EndProject
Project("{2150E333-8FDC-42A3-9474-1A3956D46DE8}") = "4-Entities", "4-Entities", "{C715EB23-9646-411B-9757-779577EB7F62}"
EndProject
Project("{FAE04EC0-301F-11D3-BF4B-00C04F79EFBC}") = "SegurosFalabellaEntity", "SegurosFalabellaEntity\SegurosFalabellaEntity.csproj", "{2FF795AE-1A7C-4C0A-81AB-B382FDEDAB5E}"
EndProject
Project("{FAE04EC0-301F-11D3-BF4B-00C04F79EFBC}") = "SegurosFalabellaDAL", "SegurosFalabellaDAL\SegurosFalabellaDAL.csproj", "{792E8FEE-975E-4458-B427-5FC2683A5926}"
EndProject
Project("{FAE04EC0-301F-11D3-BF4B-00C04F79EFBC}") = "SegurosFalabellaBL", "SegurosFalabellaBL\SegurosFalabellaBL.csproj", "{51D1BC53-C117-4609-A0F8-2B075B0814C9}"
EndProject
Project("{FAE04EC0-301F-11D3-BF4B-00C04F79EFBC}") = "SegurosFalabellaAPI", "SegurosFalabellaAPI\SegurosFalabellaAPI.csproj", "{5B3C1F6F-D1C9-4F25-9029-3C7261A800A0}"
EndProject
Project("{FAE04EC0-301F-11D3-BF4B-00C04F79EFBC}") = "SegurosFalabellaWCF", "SegurosFalabellaWCF\SegurosFalabellaWCF.csproj", "{CE519C20-DD1F-49D8-8A0D-B58CE4AAC244}"
EndProject
Project("{FAE04EC0-301F-11D3-BF4B-00C04F79EFBC}") = "Seguros.Falabella.Application", "Seguros.Falabella.Application\Seguros.Falabella.Application.csproj", "{0DF51D7B-3521-4970-A6E2-9FE3622A0A45}"
	ProjectSection(ProjectDependencies) = postProject
		{CE519C20-DD1F-49D8-8A0D-B58CE4AAC244} = {CE519C20-DD1F-49D8-8A0D-B58CE4AAC244}
	EndProjectSection
EndProject
Global
	GlobalSection(SolutionConfigurationPlatforms) = preSolution
		Debug|Any CPU = Debug|Any CPU
		Release|Any CPU = Release|Any CPU
	EndGlobalSection
	GlobalSection(ProjectConfigurationPlatforms) = postSolution
		{2FF795AE-1A7C-4C0A-81AB-B382FDEDAB5E}.Debug|Any CPU.ActiveCfg = Debug|Any CPU
		{2FF795AE-1A7C-4C0A-81AB-B382FDEDAB5E}.Debug|Any CPU.Build.0 = Debug|Any CPU
		{2FF795AE-1A7C-4C0A-81AB-B382FDEDAB5E}.Release|Any CPU.ActiveCfg = Release|Any CPU
		{2FF795AE-1A7C-4C0A-81AB-B382FDEDAB5E}.Release|Any CPU.Build.0 = Release|Any CPU
		{792E8FEE-975E-4458-B427-5FC2683A5926}.Debug|Any CPU.ActiveCfg = Debug|Any CPU
		{792E8FEE-975E-4458-B427-5FC2683A5926}.Debug|Any CPU.Build.0 = Debug|Any CPU
		{792E8FEE-975E-4458-B427-5FC2683A5926}.Release|Any CPU.ActiveCfg = Release|Any CPU
		{792E8FEE-975E-4458-B427-5FC2683A5926}.Release|Any CPU.Build.0 = Release|Any CPU
		{51D1BC53-C117-4609-A0F8-2B075B0814C9}.Debug|Any CPU.ActiveCfg = Debug|Any CPU
		{51D1BC53-C117-4609-A0F8-2B075B0814C9}.Debug|Any CPU.Build.0 = Debug|Any CPU
		{51D1BC53-C117-4609-A0F8-2B075B0814C9}.Release|Any CPU.ActiveCfg = Release|Any CPU
		{51D1BC53-C117-4609-A0F8-2B075B0814C9}.Release|Any CPU.Build.0 = Release|Any CPU
		{5B3C1F6F-D1C9-4F25-9029-3C7261A800A0}.Debug|Any CPU.ActiveCfg = Debug|Any CPU
		{5B3C1F6F-D1C9-4F25-9029-3C7261A800A0}.Debug|Any CPU.Build.0 = Debug|Any CPU
		{5B3C1F6F-D1C9-4F25-9029-3C7261A800A0}.Release|Any CPU.ActiveCfg = Release|Any CPU
		{5B3C1F6F-D1C9-4F25-9029-3C7261A800A0}.Release|Any CPU.Build.0 = Release|Any CPU
		{CE519C20-DD1F-49D8-8A0D-B58CE4AAC244}.Debug|Any CPU.ActiveCfg = Debug|Any CPU
		{CE519C20-DD1F-49D8-8A0D-B58CE4AAC244}.Debug|Any CPU.Build.0 = Debug|Any CPU
		{CE519C20-DD1F-49D8-8A0D-B58CE4AAC244}.Release|Any CPU.ActiveCfg = Release|Any CPU
		{CE519C20-DD1F-49D8-8A0D-B58CE4AAC244}.Release|Any CPU.Build.0 = Release|Any CPU
		{0DF51D7B-3521-4970-A6E2-9FE3622A0A45}.Debug|Any CPU.ActiveCfg = Debug|Any CPU
		{0DF51D7B-3521-4970-A6E2-9FE3622A0A45}.Debug|Any CPU.Build.0 = Debug|Any CPU
		{0DF51D7B-3521-4970-A6E2-9FE3622A0A45}.Release|Any CPU.ActiveCfg = Release|Any CPU
		{0DF51D7B-3521-4970-A6E2-9FE3622A0A45}.Release|Any CPU.Build.0 = Release|Any CPU
	EndGlobalSection
	GlobalSection(SolutionProperties) = preSolution
		HideSolutionNode = FALSE
	EndGlobalSection
	GlobalSection(NestedProjects) = preSolution
		{D085080C-4C78-467D-A975-13E7B941D656} = {B8A3618A-8C97-43C9-9298-E00BB26A38A1}
		{A7BC4A40-B2BB-41EC-80EB-304A605D83F0} = {5EBAB668-ABF4-415D-A6B8-A9CAF253EF75}
		{942830FF-2F00-4B6D-9524-F9712BA41BC7} = {5EBAB668-ABF4-415D-A6B8-A9CAF253EF75}
		{DBBC1AF4-63E7-49DE-AB91-2AA6CDCDAD59} = {5EBAB668-ABF4-415D-A6B8-A9CAF253EF75}
		{C715EB23-9646-411B-9757-779577EB7F62} = {5EBAB668-ABF4-415D-A6B8-A9CAF253EF75}
		{2FF795AE-1A7C-4C0A-81AB-B382FDEDAB5E} = {C715EB23-9646-411B-9757-779577EB7F62}
		{792E8FEE-975E-4458-B427-5FC2683A5926} = {DBBC1AF4-63E7-49DE-AB91-2AA6CDCDAD59}
		{51D1BC53-C117-4609-A0F8-2B075B0814C9} = {942830FF-2F00-4B6D-9524-F9712BA41BC7}
		{5B3C1F6F-D1C9-4F25-9029-3C7261A800A0} = {A7BC4A40-B2BB-41EC-80EB-304A605D83F0}
		{CE519C20-DD1F-49D8-8A0D-B58CE4AAC244} = {A7BC4A40-B2BB-41EC-80EB-304A605D83F0}
		{0DF51D7B-3521-4970-A6E2-9FE3622A0A45} = {D085080C-4C78-467D-A975-13E7B941D656}
	EndGlobalSection
	GlobalSection(ExtensibilityGlobals) = postSolution
		SolutionGuid = {C0A50991-5A1C-4AD4-91B5-78BA6D6CAF0D}
	EndGlobalSection
EndGlobal
